
Microsoft Visual Studio Solution File, Format Version 12.00
# Visual Studio Version 17
VisualStudioVersion = 17.0.32112.339
MinimumVisualStudioVersion = 10.0.40219.1
Project("{FAE04EC0-301F-11D3-BF4B-00C04F79EFBC}") = "ConsoleAppProject", "ConsoleAppProject\ConsoleAppProject.csproj", "{702DBD26-98FE-4E2C-8965-6F3E7F308B3A}"
EndProject
Project("{2150E333-8FDC-42A3-9474-1A3956D46DE8}") = "Enum", "Enum", "{C66A2C05-EEBC-47BD-ACB5-C5713F020C2E}"
	ProjectSection(SolutionItems) = preProject
		Categories.cs = Categories.cs
	EndProjectSection
EndProject
Global
	GlobalSection(SolutionConfigurationPlatforms) = preSolution
		Debug|Any CPU = Debug|Any CPU
		Release|Any CPU = Release|Any CPU
	EndGlobalSection
	GlobalSection(ProjectConfigurationPlatforms) = postSolution
		{702DBD26-98FE-4E2C-8965-6F3E7F308B3A}.Debug|Any CPU.ActiveCfg = Debug|Any CPU
		{702DBD26-98FE-4E2C-8965-6F3E7F308B3A}.Debug|Any CPU.Build.0 = Debug|Any CPU
		{702DBD26-98FE-4E2C-8965-6F3E7F308B3A}.Release|Any CPU.ActiveCfg = Release|Any CPU
		{702DBD26-98FE-4E2C-8965-6F3E7F308B3A}.Release|Any CPU.Build.0 = Release|Any CPU
	EndGlobalSection
	GlobalSection(SolutionProperties) = preSolution
		HideSolutionNode = FALSE
	EndGlobalSection
	GlobalSection(ExtensibilityGlobals) = postSolution
		SolutionGuid = {C06988CB-85AE-4393-980E-AC25A432B8AF}
	EndGlobalSection
EndGlobal
